// !$*UTF8*$!
{
	archiveVersion = 1;
	classes = {
	};
	objectVersion = 50;
	objects = {

/* Begin PBXBuildFile section */
		1D9B7E96D312DD863A8481C6 /* Pods_Farfetch_Challenge.framework in Frameworks */ = {isa = PBXBuildFile; fileRef = E37A71073261B4A4A66FFC67 /* Pods_Farfetch_Challenge.framework */; };
		A6505754F35F91EE369107D5 /* Pods_Twitch_Top_3.framework in Frameworks */ = {isa = PBXBuildFile; fileRef = 2CF8C0A5C32EAC439862BFDD /* Pods_Twitch_Top_3.framework */; };
		BA6D7AC2210FC7AE0037CFA8 /* Constants.swift in Sources */ = {isa = PBXBuildFile; fileRef = BA6D7AC1210FC7AE0037CFA8 /* Constants.swift */; };
		BA6D7AC7211019B90037CFA8 /* FavoriteGamesStore.swift in Sources */ = {isa = PBXBuildFile; fileRef = BA6D7AC6211019B90037CFA8 /* FavoriteGamesStore.swift */; };
		BA6D7AD521102E870037CFA8 /* TopGamesPresenter.swift in Sources */ = {isa = PBXBuildFile; fileRef = BA6D7AD421102E870037CFA8 /* TopGamesPresenter.swift */; };
		BAA07DFD2110BA0900BF5977 /* GameDetailsPresenter.swift in Sources */ = {isa = PBXBuildFile; fileRef = BAA07DFC2110BA0900BF5977 /* GameDetailsPresenter.swift */; };
		BAA07DFF2110BDBC00BF5977 /* TopGamesInteractor.swift in Sources */ = {isa = PBXBuildFile; fileRef = BAA07DFE2110BDBC00BF5977 /* TopGamesInteractor.swift */; };
		BAADEA5321094DA8008F37B7 /* GameFeedResult.swift in Sources */ = {isa = PBXBuildFile; fileRef = BAADEA5221094DA8008F37B7 /* GameFeedResult.swift */; };
		BAADEA55210953FF008F37B7 /* GameViewModel.swift in Sources */ = {isa = PBXBuildFile; fileRef = BAADEA54210953FF008F37B7 /* GameViewModel.swift */; };
		BAB70D2C2107C8340001A5DB /* AppDelegate.swift in Sources */ = {isa = PBXBuildFile; fileRef = BAB70D2B2107C8340001A5DB /* AppDelegate.swift */; };
		BAB70D312107C8340001A5DB /* Main.storyboard in Resources */ = {isa = PBXBuildFile; fileRef = BAB70D2F2107C8340001A5DB /* Main.storyboard */; };
		BAB70D332107C8360001A5DB /* Assets.xcassets in Resources */ = {isa = PBXBuildFile; fileRef = BAB70D322107C8360001A5DB /* Assets.xcassets */; };
		BAB70D362107C8360001A5DB /* LaunchScreen.storyboard in Resources */ = {isa = PBXBuildFile; fileRef = BAB70D342107C8360001A5DB /* LaunchScreen.storyboard */; };
		BAB70D442107C9E90001A5DB /* NotificationCenter.framework in Frameworks */ = {isa = PBXBuildFile; fileRef = BAB70D432107C9E90001A5DB /* NotificationCenter.framework */; };
		BAB70D472107C9E90001A5DB /* TodayViewController.swift in Sources */ = {isa = PBXBuildFile; fileRef = BAB70D462107C9E90001A5DB /* TodayViewController.swift */; };
		BAB70D4A2107C9E90001A5DB /* MainInterface.storyboard in Resources */ = {isa = PBXBuildFile; fileRef = BAB70D482107C9E90001A5DB /* MainInterface.storyboard */; };
		BAB70D4E2107C9E90001A5DB /* Twitch Top 3.appex in Embed App Extensions */ = {isa = PBXBuildFile; fileRef = BAB70D412107C9E80001A5DB /* Twitch Top 3.appex */; settings = {ATTRIBUTES = (RemoveHeadersOnCopy, ); }; };
		BAB70D552107DFD60001A5DB /* GameModel.swift in Sources */ = {isa = PBXBuildFile; fileRef = BAB70D542107DFD60001A5DB /* GameModel.swift */; };
		BAB70D592107E31E0001A5DB /* GameDetailsViewController.swift in Sources */ = {isa = PBXBuildFile; fileRef = BAB70D582107E31E0001A5DB /* GameDetailsViewController.swift */; };
		BAB70D5D2107E65C0001A5DB /* FavoriteGamesViewController.swift in Sources */ = {isa = PBXBuildFile; fileRef = BAB70D5C2107E65C0001A5DB /* FavoriteGamesViewController.swift */; };
		BAB70D5F2107E6650001A5DB /* TopGamesViewController.swift in Sources */ = {isa = PBXBuildFile; fileRef = BAB70D5E2107E6650001A5DB /* TopGamesViewController.swift */; };
		BAB70D642107ECD50001A5DB /* GameCollectionViewCell.swift in Sources */ = {isa = PBXBuildFile; fileRef = BAB70D632107ECD50001A5DB /* GameCollectionViewCell.swift */; };
		BAB70D692107FD250001A5DB /* ColumnsFlowLayout.swift in Sources */ = {isa = PBXBuildFile; fileRef = BAB70D682107FD250001A5DB /* ColumnsFlowLayout.swift */; };
		BAB70D6C2107FEF80001A5DB /* TwitchClient.swift in Sources */ = {isa = PBXBuildFile; fileRef = BAB70D6B2107FEF80001A5DB /* TwitchClient.swift */; };
		BABDEDF621126B8D0071E9F6 /* TopGamesViewInterface.swift in Sources */ = {isa = PBXBuildFile; fileRef = BABDEDF521126B8D0071E9F6 /* TopGamesViewInterface.swift */; };
		BABDEDF821126C160071E9F6 /* TopGamesInteractorIO.swift in Sources */ = {isa = PBXBuildFile; fileRef = BABDEDF721126C160071E9F6 /* TopGamesInteractorIO.swift */; };
		BABDEDFC21126DF10071E9F6 /* TopGamesPresenterInterface.swift in Sources */ = {isa = PBXBuildFile; fileRef = BABDEDFB21126DF10071E9F6 /* TopGamesPresenterInterface.swift */; };
		BADCA0972112747600F37032 /* UICollectionView+Registering.swift in Sources */ = {isa = PBXBuildFile; fileRef = BADCA0962112747600F37032 /* UICollectionView+Registering.swift */; };
		BADCA09A21128B4F00F37032 /* TopGamesTabBar.swift in Sources */ = {isa = PBXBuildFile; fileRef = BADCA09921128B4F00F37032 /* TopGamesTabBar.swift */; };
		BADCA09C2112907900F37032 /* FavoriteGamesRouter.swift in Sources */ = {isa = PBXBuildFile; fileRef = BADCA09B2112907900F37032 /* FavoriteGamesRouter.swift */; };
		BADCA0A22112950900F37032 /* FavoriteGamesInterface.swift in Sources */ = {isa = PBXBuildFile; fileRef = BADCA0A12112950900F37032 /* FavoriteGamesInterface.swift */; };
		BADCA0A42112951400F37032 /* FavoriteGamesPresenterInterface.swift in Sources */ = {isa = PBXBuildFile; fileRef = BADCA0A32112951400F37032 /* FavoriteGamesPresenterInterface.swift */; };
		BADCA0A6211368D200F37032 /* FavoriteGamesInteractorIO.swift in Sources */ = {isa = PBXBuildFile; fileRef = BADCA0A5211368D200F37032 /* FavoriteGamesInteractorIO.swift */; };
		BADCA0A821136E1C00F37032 /* FavoriteGamesPresenter.swift in Sources */ = {isa = PBXBuildFile; fileRef = BADCA0A721136E1C00F37032 /* FavoriteGamesPresenter.swift */; };
		BADCA0AA21136EB800F37032 /* FavoriteGamesInteractor.swift in Sources */ = {isa = PBXBuildFile; fileRef = BADCA0A921136EB800F37032 /* FavoriteGamesInteractor.swift */; };
		BADCA0AE21138DA200F37032 /* GameDetailsInteractorIO.swift in Sources */ = {isa = PBXBuildFile; fileRef = BADCA0AD21138DA200F37032 /* GameDetailsInteractorIO.swift */; };
		BADCA0B021138E6900F37032 /* GameDetailsViewInterface.swift in Sources */ = {isa = PBXBuildFile; fileRef = BADCA0AF21138E6900F37032 /* GameDetailsViewInterface.swift */; };
		BADCA0B221138EC300F37032 /* GameDetailsPresenterInterface.swift in Sources */ = {isa = PBXBuildFile; fileRef = BADCA0B121138EC300F37032 /* GameDetailsPresenterInterface.swift */; };
		BADCA0B42114BFE600F37032 /* LocalDataStore.swift in Sources */ = {isa = PBXBuildFile; fileRef = BADCA0B32114BFE600F37032 /* LocalDataStore.swift */; };
		BADCA0B821161B3700F37032 /* EmptyStateView.swift in Sources */ = {isa = PBXBuildFile; fileRef = BADCA0B721161B3700F37032 /* EmptyStateView.swift */; };
		BAF990FA2110DDF2001FF51D /* GameDetailsRouter.swift in Sources */ = {isa = PBXBuildFile; fileRef = BAF990F92110DDF2001FF51D /* GameDetailsRouter.swift */; };
		BAF991002110E76F001FF51D /* GameDetailsInteractor.swift in Sources */ = {isa = PBXBuildFile; fileRef = BAF990FF2110E76F001FF51D /* GameDetailsInteractor.swift */; };
		BAF9910921110215001FF51D /* TopGamesRouter.swift in Sources */ = {isa = PBXBuildFile; fileRef = BAF9910821110215001FF51D /* TopGamesRouter.swift */; };
/* End PBXBuildFile section */

/* Begin PBXContainerItemProxy section */
		BAB70D4C2107C9E90001A5DB /* PBXContainerItemProxy */ = {
			isa = PBXContainerItemProxy;
			containerPortal = BAB70D202107C8340001A5DB /* Project object */;
			proxyType = 1;
			remoteGlobalIDString = BAB70D402107C9E80001A5DB;
			remoteInfo = "Twitch Top 3";
		};
/* End PBXContainerItemProxy section */

/* Begin PBXCopyFilesBuildPhase section */
		BAB70D522107C9E90001A5DB /* Embed App Extensions */ = {
			isa = PBXCopyFilesBuildPhase;
			buildActionMask = 2147483647;
			dstPath = "";
			dstSubfolderSpec = 13;
			files = (
				BAB70D4E2107C9E90001A5DB /* Twitch Top 3.appex in Embed App Extensions */,
			);
			name = "Embed App Extensions";
			runOnlyForDeploymentPostprocessing = 0;
		};
/* End PBXCopyFilesBuildPhase section */

/* Begin PBXFileReference section */
		12A0A2FF893170EBB105BEEC /* Pods-Twitch Top 3.release.xcconfig */ = {isa = PBXFileReference; includeInIndex = 1; lastKnownFileType = text.xcconfig; name = "Pods-Twitch Top 3.release.xcconfig"; path = "Pods/Target Support Files/Pods-Twitch Top 3/Pods-Twitch Top 3.release.xcconfig"; sourceTree = "<group>"; };
		2CF8C0A5C32EAC439862BFDD /* Pods_Twitch_Top_3.framework */ = {isa = PBXFileReference; explicitFileType = wrapper.framework; includeInIndex = 0; path = Pods_Twitch_Top_3.framework; sourceTree = BUILT_PRODUCTS_DIR; };
		9D36747FE3CD24DBB8FEA2C3 /* Pods-Farfetch Challenge.debug.xcconfig */ = {isa = PBXFileReference; includeInIndex = 1; lastKnownFileType = text.xcconfig; name = "Pods-Farfetch Challenge.debug.xcconfig"; path = "Pods/Target Support Files/Pods-Farfetch Challenge/Pods-Farfetch Challenge.debug.xcconfig"; sourceTree = "<group>"; };
		A61BBAF8AC8AD53E461D0D3C /* Pods-Farfetch Challenge.release.xcconfig */ = {isa = PBXFileReference; includeInIndex = 1; lastKnownFileType = text.xcconfig; name = "Pods-Farfetch Challenge.release.xcconfig"; path = "Pods/Target Support Files/Pods-Farfetch Challenge/Pods-Farfetch Challenge.release.xcconfig"; sourceTree = "<group>"; };
		BA6D7AC1210FC7AE0037CFA8 /* Constants.swift */ = {isa = PBXFileReference; lastKnownFileType = sourcecode.swift; path = Constants.swift; sourceTree = "<group>"; };
		BA6D7AC6211019B90037CFA8 /* FavoriteGamesStore.swift */ = {isa = PBXFileReference; lastKnownFileType = sourcecode.swift; path = FavoriteGamesStore.swift; sourceTree = "<group>"; };
		BA6D7AD421102E870037CFA8 /* TopGamesPresenter.swift */ = {isa = PBXFileReference; lastKnownFileType = sourcecode.swift; path = TopGamesPresenter.swift; sourceTree = "<group>"; };
		BAA07DFC2110BA0900BF5977 /* GameDetailsPresenter.swift */ = {isa = PBXFileReference; lastKnownFileType = sourcecode.swift; path = GameDetailsPresenter.swift; sourceTree = "<group>"; };
		BAA07DFE2110BDBC00BF5977 /* TopGamesInteractor.swift */ = {isa = PBXFileReference; lastKnownFileType = sourcecode.swift; path = TopGamesInteractor.swift; sourceTree = "<group>"; };
		BAADEA5221094DA8008F37B7 /* GameFeedResult.swift */ = {isa = PBXFileReference; lastKnownFileType = sourcecode.swift; path = GameFeedResult.swift; sourceTree = "<group>"; };
		BAADEA54210953FF008F37B7 /* GameViewModel.swift */ = {isa = PBXFileReference; lastKnownFileType = sourcecode.swift; path = GameViewModel.swift; sourceTree = "<group>"; };
		BAB70D282107C8340001A5DB /* Farfetch Challenge.app */ = {isa = PBXFileReference; explicitFileType = wrapper.application; includeInIndex = 0; path = "Farfetch Challenge.app"; sourceTree = BUILT_PRODUCTS_DIR; };
		BAB70D2B2107C8340001A5DB /* AppDelegate.swift */ = {isa = PBXFileReference; lastKnownFileType = sourcecode.swift; path = AppDelegate.swift; sourceTree = "<group>"; };
		BAB70D302107C8340001A5DB /* Base */ = {isa = PBXFileReference; lastKnownFileType = file.storyboard; name = Base; path = Base.lproj/Main.storyboard; sourceTree = "<group>"; };
		BAB70D322107C8360001A5DB /* Assets.xcassets */ = {isa = PBXFileReference; lastKnownFileType = folder.assetcatalog; path = Assets.xcassets; sourceTree = "<group>"; };
		BAB70D352107C8360001A5DB /* Base */ = {isa = PBXFileReference; lastKnownFileType = file.storyboard; name = Base; path = Base.lproj/LaunchScreen.storyboard; sourceTree = "<group>"; };
		BAB70D372107C8360001A5DB /* Info.plist */ = {isa = PBXFileReference; lastKnownFileType = text.plist.xml; path = Info.plist; sourceTree = "<group>"; };
		BAB70D412107C9E80001A5DB /* Twitch Top 3.appex */ = {isa = PBXFileReference; explicitFileType = "wrapper.app-extension"; includeInIndex = 0; path = "Twitch Top 3.appex"; sourceTree = BUILT_PRODUCTS_DIR; };
		BAB70D432107C9E90001A5DB /* NotificationCenter.framework */ = {isa = PBXFileReference; lastKnownFileType = wrapper.framework; name = NotificationCenter.framework; path = System/Library/Frameworks/NotificationCenter.framework; sourceTree = SDKROOT; };
		BAB70D462107C9E90001A5DB /* TodayViewController.swift */ = {isa = PBXFileReference; lastKnownFileType = sourcecode.swift; path = TodayViewController.swift; sourceTree = "<group>"; };
		BAB70D492107C9E90001A5DB /* Base */ = {isa = PBXFileReference; lastKnownFileType = file.storyboard; name = Base; path = Base.lproj/MainInterface.storyboard; sourceTree = "<group>"; };
		BAB70D4B2107C9E90001A5DB /* Info.plist */ = {isa = PBXFileReference; lastKnownFileType = text.plist.xml; path = Info.plist; sourceTree = "<group>"; };
		BAB70D542107DFD60001A5DB /* GameModel.swift */ = {isa = PBXFileReference; lastKnownFileType = sourcecode.swift; path = GameModel.swift; sourceTree = "<group>"; };
		BAB70D582107E31E0001A5DB /* GameDetailsViewController.swift */ = {isa = PBXFileReference; lastKnownFileType = sourcecode.swift; path = GameDetailsViewController.swift; sourceTree = "<group>"; };
		BAB70D5C2107E65C0001A5DB /* FavoriteGamesViewController.swift */ = {isa = PBXFileReference; lastKnownFileType = sourcecode.swift; path = FavoriteGamesViewController.swift; sourceTree = "<group>"; };
		BAB70D5E2107E6650001A5DB /* TopGamesViewController.swift */ = {isa = PBXFileReference; lastKnownFileType = sourcecode.swift; path = TopGamesViewController.swift; sourceTree = "<group>"; };
		BAB70D632107ECD50001A5DB /* GameCollectionViewCell.swift */ = {isa = PBXFileReference; lastKnownFileType = sourcecode.swift; path = GameCollectionViewCell.swift; sourceTree = "<group>"; };
		BAB70D682107FD250001A5DB /* ColumnsFlowLayout.swift */ = {isa = PBXFileReference; lastKnownFileType = sourcecode.swift; path = ColumnsFlowLayout.swift; sourceTree = "<group>"; };
		BAB70D6B2107FEF80001A5DB /* TwitchClient.swift */ = {isa = PBXFileReference; lastKnownFileType = sourcecode.swift; path = TwitchClient.swift; sourceTree = "<group>"; };
		BABDEDF521126B8D0071E9F6 /* TopGamesViewInterface.swift */ = {isa = PBXFileReference; lastKnownFileType = sourcecode.swift; path = TopGamesViewInterface.swift; sourceTree = "<group>"; };
		BABDEDF721126C160071E9F6 /* TopGamesInteractorIO.swift */ = {isa = PBXFileReference; lastKnownFileType = sourcecode.swift; path = TopGamesInteractorIO.swift; sourceTree = "<group>"; };
		BABDEDFB21126DF10071E9F6 /* TopGamesPresenterInterface.swift */ = {isa = PBXFileReference; lastKnownFileType = sourcecode.swift; path = TopGamesPresenterInterface.swift; sourceTree = "<group>"; };
		BADCA0962112747600F37032 /* UICollectionView+Registering.swift */ = {isa = PBXFileReference; lastKnownFileType = sourcecode.swift; path = "UICollectionView+Registering.swift"; sourceTree = "<group>"; };
		BADCA09921128B4F00F37032 /* TopGamesTabBar.swift */ = {isa = PBXFileReference; lastKnownFileType = sourcecode.swift; path = TopGamesTabBar.swift; sourceTree = "<group>"; };
		BADCA09B2112907900F37032 /* FavoriteGamesRouter.swift */ = {isa = PBXFileReference; lastKnownFileType = sourcecode.swift; path = FavoriteGamesRouter.swift; sourceTree = "<group>"; };
		BADCA0A12112950900F37032 /* FavoriteGamesInterface.swift */ = {isa = PBXFileReference; lastKnownFileType = sourcecode.swift; path = FavoriteGamesInterface.swift; sourceTree = "<group>"; };
		BADCA0A32112951400F37032 /* FavoriteGamesPresenterInterface.swift */ = {isa = PBXFileReference; lastKnownFileType = sourcecode.swift; path = FavoriteGamesPresenterInterface.swift; sourceTree = "<group>"; };
		BADCA0A5211368D200F37032 /* FavoriteGamesInteractorIO.swift */ = {isa = PBXFileReference; lastKnownFileType = sourcecode.swift; path = FavoriteGamesInteractorIO.swift; sourceTree = "<group>"; };
		BADCA0A721136E1C00F37032 /* FavoriteGamesPresenter.swift */ = {isa = PBXFileReference; lastKnownFileType = sourcecode.swift; path = FavoriteGamesPresenter.swift; sourceTree = "<group>"; };
		BADCA0A921136EB800F37032 /* FavoriteGamesInteractor.swift */ = {isa = PBXFileReference; lastKnownFileType = sourcecode.swift; path = FavoriteGamesInteractor.swift; sourceTree = "<group>"; };
		BADCA0AD21138DA200F37032 /* GameDetailsInteractorIO.swift */ = {isa = PBXFileReference; lastKnownFileType = sourcecode.swift; path = GameDetailsInteractorIO.swift; sourceTree = "<group>"; };
		BADCA0AF21138E6900F37032 /* GameDetailsViewInterface.swift */ = {isa = PBXFileReference; lastKnownFileType = sourcecode.swift; path = GameDetailsViewInterface.swift; sourceTree = "<group>"; };
		BADCA0B121138EC300F37032 /* GameDetailsPresenterInterface.swift */ = {isa = PBXFileReference; lastKnownFileType = sourcecode.swift; path = GameDetailsPresenterInterface.swift; sourceTree = "<group>"; };
		BADCA0B32114BFE600F37032 /* LocalDataStore.swift */ = {isa = PBXFileReference; lastKnownFileType = sourcecode.swift; path = LocalDataStore.swift; sourceTree = "<group>"; };
		BADCA0B721161B3700F37032 /* EmptyStateView.swift */ = {isa = PBXFileReference; lastKnownFileType = sourcecode.swift; path = EmptyStateView.swift; sourceTree = "<group>"; };
		BAF990F92110DDF2001FF51D /* GameDetailsRouter.swift */ = {isa = PBXFileReference; lastKnownFileType = sourcecode.swift; path = GameDetailsRouter.swift; sourceTree = "<group>"; };
		BAF990FF2110E76F001FF51D /* GameDetailsInteractor.swift */ = {isa = PBXFileReference; lastKnownFileType = sourcecode.swift; path = GameDetailsInteractor.swift; sourceTree = "<group>"; };
		BAF9910821110215001FF51D /* TopGamesRouter.swift */ = {isa = PBXFileReference; lastKnownFileType = sourcecode.swift; path = TopGamesRouter.swift; sourceTree = "<group>"; };
		BDDDFB010C77E6C7409BA3E4 /* Pods-Twitch Top 3.debug.xcconfig */ = {isa = PBXFileReference; includeInIndex = 1; lastKnownFileType = text.xcconfig; name = "Pods-Twitch Top 3.debug.xcconfig"; path = "Pods/Target Support Files/Pods-Twitch Top 3/Pods-Twitch Top 3.debug.xcconfig"; sourceTree = "<group>"; };
		E37A71073261B4A4A66FFC67 /* Pods_Farfetch_Challenge.framework */ = {isa = PBXFileReference; explicitFileType = wrapper.framework; includeInIndex = 0; path = Pods_Farfetch_Challenge.framework; sourceTree = BUILT_PRODUCTS_DIR; };
/* End PBXFileReference section */

/* Begin PBXFrameworksBuildPhase section */
		BAB70D252107C8340001A5DB /* Frameworks */ = {
			isa = PBXFrameworksBuildPhase;
			buildActionMask = 2147483647;
			files = (
				1D9B7E96D312DD863A8481C6 /* Pods_Farfetch_Challenge.framework in Frameworks */,
			);
			runOnlyForDeploymentPostprocessing = 0;
		};
		BAB70D3E2107C9E80001A5DB /* Frameworks */ = {
			isa = PBXFrameworksBuildPhase;
			buildActionMask = 2147483647;
			files = (
				BAB70D442107C9E90001A5DB /* NotificationCenter.framework in Frameworks */,
				A6505754F35F91EE369107D5 /* Pods_Twitch_Top_3.framework in Frameworks */,
			);
			runOnlyForDeploymentPostprocessing = 0;
		};
/* End PBXFrameworksBuildPhase section */

/* Begin PBXGroup section */
		40D58452D2A22E33378EBAC1 /* Pods */ = {
			isa = PBXGroup;
			children = (
				9D36747FE3CD24DBB8FEA2C3 /* Pods-Farfetch Challenge.debug.xcconfig */,
				A61BBAF8AC8AD53E461D0D3C /* Pods-Farfetch Challenge.release.xcconfig */,
				BDDDFB010C77E6C7409BA3E4 /* Pods-Twitch Top 3.debug.xcconfig */,
				12A0A2FF893170EBB105BEEC /* Pods-Twitch Top 3.release.xcconfig */,
			);
			name = Pods;
			sourceTree = "<group>";
		};
		BA6D7AC0210FC6380037CFA8 /* Shared */ = {
			isa = PBXGroup;
			children = (
				BADCA0952112746300F37032 /* Extensions */,
				BA6D7AC1210FC7AE0037CFA8 /* Constants.swift */,
			);
			path = Shared;
			sourceTree = "<group>";
		};
		BAB70D1F2107C8340001A5DB = {
			isa = PBXGroup;
			children = (
				BAB70D2A2107C8340001A5DB /* Farfetch Challenge */,
				BAB70D452107C9E90001A5DB /* Twitch Top 3 */,
				BAB70D422107C9E90001A5DB /* Frameworks */,
				BAB70D292107C8340001A5DB /* Products */,
				40D58452D2A22E33378EBAC1 /* Pods */,
			);
			sourceTree = "<group>";
		};
		BAB70D292107C8340001A5DB /* Products */ = {
			isa = PBXGroup;
			children = (
				BAB70D282107C8340001A5DB /* Farfetch Challenge.app */,
				BAB70D412107C9E80001A5DB /* Twitch Top 3.appex */,
			);
			name = Products;
			sourceTree = "<group>";
		};
		BAB70D2A2107C8340001A5DB /* Farfetch Challenge */ = {
			isa = PBXGroup;
			children = (
				BAB70D532107DFCE0001A5DB /* Model */,
				BAB70D6A2107FEE80001A5DB /* Network */,
				BA6D7AC0210FC6380037CFA8 /* Shared */,
				BAB70D73210806F60001A5DB /* LocalData */,
				BAB70D562107E3040001A5DB /* Modules */,
				BAB70D602107ECBC0001A5DB /* UI Components */,
				BAB70D2B2107C8340001A5DB /* AppDelegate.swift */,
				BAB70D2F2107C8340001A5DB /* Main.storyboard */,
				BAB70D322107C8360001A5DB /* Assets.xcassets */,
				BAB70D342107C8360001A5DB /* LaunchScreen.storyboard */,
				BAB70D372107C8360001A5DB /* Info.plist */,
			);
			path = "Farfetch Challenge";
			sourceTree = "<group>";
		};
		BAB70D422107C9E90001A5DB /* Frameworks */ = {
			isa = PBXGroup;
			children = (
				BAB70D432107C9E90001A5DB /* NotificationCenter.framework */,
				E37A71073261B4A4A66FFC67 /* Pods_Farfetch_Challenge.framework */,
				2CF8C0A5C32EAC439862BFDD /* Pods_Twitch_Top_3.framework */,
			);
			name = Frameworks;
			sourceTree = "<group>";
		};
		BAB70D452107C9E90001A5DB /* Twitch Top 3 */ = {
			isa = PBXGroup;
			children = (
				BAB70D462107C9E90001A5DB /* TodayViewController.swift */,
				BAB70D482107C9E90001A5DB /* MainInterface.storyboard */,
				BAB70D4B2107C9E90001A5DB /* Info.plist */,
			);
			path = "Twitch Top 3";
			sourceTree = "<group>";
		};
		BAB70D532107DFCE0001A5DB /* Model */ = {
			isa = PBXGroup;
			children = (
				BAB70D542107DFD60001A5DB /* GameModel.swift */,
				BAADEA54210953FF008F37B7 /* GameViewModel.swift */,
				BAADEA5221094DA8008F37B7 /* GameFeedResult.swift */,
			);
			path = Model;
			sourceTree = "<group>";
		};
		BAB70D562107E3040001A5DB /* Modules */ = {
			isa = PBXGroup;
			children = (
				BADCA0B52116176400F37032 /* GameList */,
				BADCA09821128B3D00F37032 /* TopGamesTabBar */,
				BAB70D5B2107E63A0001A5DB /* FavoriteGames */,
				BAB70D5A2107E62C0001A5DB /* TopGames */,
				BAB70D572107E3120001A5DB /* GameDetails */,
			);
			path = Modules;
			sourceTree = "<group>";
		};
		BAB70D572107E3120001A5DB /* GameDetails */ = {
			isa = PBXGroup;
			children = (
				BAF990F92110DDF2001FF51D /* GameDetailsRouter.swift */,
				BAF990FE2110E751001FF51D /* Interface */,
				BAF991012110E788001FF51D /* Business */,
			);
			path = GameDetails;
			sourceTree = "<group>";
		};
		BAB70D5A2107E62C0001A5DB /* TopGames */ = {
			isa = PBXGroup;
			children = (
				BAF9910821110215001FF51D /* TopGamesRouter.swift */,
				BABDEDF421126B670071E9F6 /* Interface */,
				BABDEDF221126B590071E9F6 /* Business */,
			);
			path = TopGames;
			sourceTree = "<group>";
		};
		BAB70D5B2107E63A0001A5DB /* FavoriteGames */ = {
			isa = PBXGroup;
			children = (
				BADCA09B2112907900F37032 /* FavoriteGamesRouter.swift */,
				BADCA09E211294DB00F37032 /* Interface */,
				BADCA09D211294D000F37032 /* Business */,
			);
			path = FavoriteGames;
			sourceTree = "<group>";
		};
		BAB70D602107ECBC0001A5DB /* UI Components */ = {
			isa = PBXGroup;
			children = (
				BADCA0B621161B2B00F37032 /* Views */,
				BAB70D672107FD120001A5DB /* FlowLayout */,
				BAB70D612107ECC40001A5DB /* Cells */,
			);
			path = "UI Components";
			sourceTree = "<group>";
		};
		BAB70D612107ECC40001A5DB /* Cells */ = {
			isa = PBXGroup;
			children = (
				BAB70D622107ECCA0001A5DB /* CollectionView */,
			);
			path = Cells;
			sourceTree = "<group>";
		};
		BAB70D622107ECCA0001A5DB /* CollectionView */ = {
			isa = PBXGroup;
			children = (
				BAB70D632107ECD50001A5DB /* GameCollectionViewCell.swift */,
			);
			path = CollectionView;
			sourceTree = "<group>";
		};
		BAB70D672107FD120001A5DB /* FlowLayout */ = {
			isa = PBXGroup;
			children = (
				BAB70D682107FD250001A5DB /* ColumnsFlowLayout.swift */,
			);
			path = FlowLayout;
			sourceTree = "<group>";
		};
		BAB70D6A2107FEE80001A5DB /* Network */ = {
			isa = PBXGroup;
			children = (
				BAB70D6B2107FEF80001A5DB /* TwitchClient.swift */,
			);
			path = Network;
			sourceTree = "<group>";
		};
		BAB70D73210806F60001A5DB /* LocalData */ = {
			isa = PBXGroup;
			children = (
				BA6D7AC6211019B90037CFA8 /* FavoriteGamesStore.swift */,
				BADCA0B32114BFE600F37032 /* LocalDataStore.swift */,
			);
			path = LocalData;
			sourceTree = "<group>";
		};
		BABDEDF221126B590071E9F6 /* Business */ = {
			isa = PBXGroup;
			children = (
				BAA07DFE2110BDBC00BF5977 /* TopGamesInteractor.swift */,
				BABDEDF721126C160071E9F6 /* TopGamesInteractorIO.swift */,
			);
			path = Business;
			sourceTree = "<group>";
		};
		BABDEDF421126B670071E9F6 /* Interface */ = {
			isa = PBXGroup;
			children = (
				BABDEDFE21126EE20071E9F6 /* View */,
				BABDEDFD21126EDB0071E9F6 /* Presenter */,
			);
			path = Interface;
			sourceTree = "<group>";
		};
		BABDEDFD21126EDB0071E9F6 /* Presenter */ = {
			isa = PBXGroup;
			children = (
				BA6D7AD421102E870037CFA8 /* TopGamesPresenter.swift */,
				BABDEDFB21126DF10071E9F6 /* TopGamesPresenterInterface.swift */,
			);
			path = Presenter;
			sourceTree = "<group>";
		};
		BABDEDFE21126EE20071E9F6 /* View */ = {
			isa = PBXGroup;
			children = (
				BAB70D5E2107E6650001A5DB /* TopGamesViewController.swift */,
				BABDEDF521126B8D0071E9F6 /* TopGamesViewInterface.swift */,
			);
			path = View;
			sourceTree = "<group>";
		};
		BADCA0952112746300F37032 /* Extensions */ = {
			isa = PBXGroup;
			children = (
				BADCA0962112747600F37032 /* UICollectionView+Registering.swift */,
			);
			path = Extensions;
			sourceTree = "<group>";
		};
		BADCA09821128B3D00F37032 /* TopGamesTabBar */ = {
			isa = PBXGroup;
			children = (
				BADCA09921128B4F00F37032 /* TopGamesTabBar.swift */,
			);
			path = TopGamesTabBar;
			sourceTree = "<group>";
		};
		BADCA09D211294D000F37032 /* Business */ = {
			isa = PBXGroup;
			children = (
				BADCA0A5211368D200F37032 /* FavoriteGamesInteractorIO.swift */,
				BADCA0A921136EB800F37032 /* FavoriteGamesInteractor.swift */,
			);
			path = Business;
			sourceTree = "<group>";
		};
		BADCA09E211294DB00F37032 /* Interface */ = {
			isa = PBXGroup;
			children = (
				BADCA0A0211294E400F37032 /* View */,
				BADCA09F211294E000F37032 /* Presenter */,
			);
			path = Interface;
			sourceTree = "<group>";
		};
		BADCA09F211294E000F37032 /* Presenter */ = {
			isa = PBXGroup;
			children = (
				BADCA0A32112951400F37032 /* FavoriteGamesPresenterInterface.swift */,
				BADCA0A721136E1C00F37032 /* FavoriteGamesPresenter.swift */,
			);
			path = Presenter;
			sourceTree = "<group>";
		};
		BADCA0A0211294E400F37032 /* View */ = {
			isa = PBXGroup;
			children = (
				BAB70D5C2107E65C0001A5DB /* FavoriteGamesViewController.swift */,
				BADCA0A12112950900F37032 /* FavoriteGamesInterface.swift */,
			);
			path = View;
			sourceTree = "<group>";
		};
		BADCA0B52116176400F37032 /* GameList */ = {
			isa = PBXGroup;
			children = (
			);
			path = GameList;
			sourceTree = "<group>";
		};
		BADCA0B621161B2B00F37032 /* Views */ = {
			isa = PBXGroup;
			children = (
				BADCA0B721161B3700F37032 /* EmptyStateView.swift */,
			);
			path = Views;
			sourceTree = "<group>";
		};
		BAF990FB2110E739001FF51D /* View */ = {
			isa = PBXGroup;
			children = (
				BAB70D582107E31E0001A5DB /* GameDetailsViewController.swift */,
				BADCA0AF21138E6900F37032 /* GameDetailsViewInterface.swift */,
			);
			path = View;
			sourceTree = "<group>";
		};
		BAF990FD2110E74B001FF51D /* Presenter */ = {
			isa = PBXGroup;
			children = (
				BAA07DFC2110BA0900BF5977 /* GameDetailsPresenter.swift */,
				BADCA0B121138EC300F37032 /* GameDetailsPresenterInterface.swift */,
			);
			path = Presenter;
			sourceTree = "<group>";
		};
		BAF990FE2110E751001FF51D /* Interface */ = {
			isa = PBXGroup;
			children = (
				BAF990FD2110E74B001FF51D /* Presenter */,
				BAF990FB2110E739001FF51D /* View */,
			);
			name = Interface;
			path = Router;
			sourceTree = "<group>";
		};
		BAF991012110E788001FF51D /* Business */ = {
			isa = PBXGroup;
			children = (
				BAF990FF2110E76F001FF51D /* GameDetailsInteractor.swift */,
				BADCA0AD21138DA200F37032 /* GameDetailsInteractorIO.swift */,
			);
			path = Business;
			sourceTree = "<group>";
		};
/* End PBXGroup section */

/* Begin PBXNativeTarget section */
		BAB70D272107C8340001A5DB /* Farfetch Challenge */ = {
			isa = PBXNativeTarget;
			buildConfigurationList = BAB70D3A2107C8360001A5DB /* Build configuration list for PBXNativeTarget "Farfetch Challenge" */;
			buildPhases = (
				1268BBDE2F7D01E93DFB5114 /* [CP] Check Pods Manifest.lock */,
				BAB70D242107C8340001A5DB /* Sources */,
				BAB70D252107C8340001A5DB /* Frameworks */,
				BAB70D262107C8340001A5DB /* Resources */,
				BAB70D522107C9E90001A5DB /* Embed App Extensions */,
				8DE5C370BCCB88C93DCB5CF6 /* [CP] Embed Pods Frameworks */,
				ADD0E73114567EF534A92992 /* [CP] Copy Pods Resources */,
			);
			buildRules = (
			);
			dependencies = (
				BAB70D4D2107C9E90001A5DB /* PBXTargetDependency */,
			);
			name = "Farfetch Challenge";
			productName = "Farfetch Challenge";
			productReference = BAB70D282107C8340001A5DB /* Farfetch Challenge.app */;
			productType = "com.apple.product-type.application";
		};
		BAB70D402107C9E80001A5DB /* Twitch Top 3 */ = {
			isa = PBXNativeTarget;
			buildConfigurationList = BAB70D4F2107C9E90001A5DB /* Build configuration list for PBXNativeTarget "Twitch Top 3" */;
			buildPhases = (
				7BAA897B983A46080AA2D20C /* [CP] Check Pods Manifest.lock */,
				BAB70D3D2107C9E80001A5DB /* Sources */,
				BAB70D3E2107C9E80001A5DB /* Frameworks */,
				BAB70D3F2107C9E80001A5DB /* Resources */,
				7C6DBFDB2905A6F2515BC42D /* [CP] Copy Pods Resources */,
			);
			buildRules = (
			);
			dependencies = (
			);
			name = "Twitch Top 3";
			productName = "Twitch Top 3";
			productReference = BAB70D412107C9E80001A5DB /* Twitch Top 3.appex */;
			productType = "com.apple.product-type.app-extension";
		};
/* End PBXNativeTarget section */

/* Begin PBXProject section */
		BAB70D202107C8340001A5DB /* Project object */ = {
			isa = PBXProject;
			attributes = {
				LastSwiftUpdateCheck = 0940;
				LastUpgradeCheck = 0940;
				ORGANIZATIONNAME = WallaCorp;
				TargetAttributes = {
					BAB70D272107C8340001A5DB = {
						CreatedOnToolsVersion = 9.4.1;
					};
					BAB70D402107C9E80001A5DB = {
						CreatedOnToolsVersion = 9.4.1;
					};
				};
			};
			buildConfigurationList = BAB70D232107C8340001A5DB /* Build configuration list for PBXProject "Farfetch Challenge" */;
			compatibilityVersion = "Xcode 9.3";
			developmentRegion = en;
			hasScannedForEncodings = 0;
			knownRegions = (
				en,
				Base,
			);
			mainGroup = BAB70D1F2107C8340001A5DB;
			productRefGroup = BAB70D292107C8340001A5DB /* Products */;
			projectDirPath = "";
			projectRoot = "";
			targets = (
				BAB70D272107C8340001A5DB /* Farfetch Challenge */,
				BAB70D402107C9E80001A5DB /* Twitch Top 3 */,
			);
		};
/* End PBXProject section */

/* Begin PBXResourcesBuildPhase section */
		BAB70D262107C8340001A5DB /* Resources */ = {
			isa = PBXResourcesBuildPhase;
			buildActionMask = 2147483647;
			files = (
				BAB70D362107C8360001A5DB /* LaunchScreen.storyboard in Resources */,
				BAB70D332107C8360001A5DB /* Assets.xcassets in Resources */,
				BAB70D312107C8340001A5DB /* Main.storyboard in Resources */,
			);
			runOnlyForDeploymentPostprocessing = 0;
		};
		BAB70D3F2107C9E80001A5DB /* Resources */ = {
			isa = PBXResourcesBuildPhase;
			buildActionMask = 2147483647;
			files = (
				BAB70D4A2107C9E90001A5DB /* MainInterface.storyboard in Resources */,
			);
			runOnlyForDeploymentPostprocessing = 0;
		};
/* End PBXResourcesBuildPhase section */

/* Begin PBXShellScriptBuildPhase section */
		1268BBDE2F7D01E93DFB5114 /* [CP] Check Pods Manifest.lock */ = {
			isa = PBXShellScriptBuildPhase;
			buildActionMask = 2147483647;
			files = (
			);
			inputPaths = (
				"${PODS_PODFILE_DIR_PATH}/Podfile.lock",
				"${PODS_ROOT}/Manifest.lock",
			);
			name = "[CP] Check Pods Manifest.lock";
			outputPaths = (
				"$(DERIVED_FILE_DIR)/Pods-Farfetch Challenge-checkManifestLockResult.txt",
			);
			runOnlyForDeploymentPostprocessing = 0;
			shellPath = /bin/sh;
			shellScript = "diff \"${PODS_PODFILE_DIR_PATH}/Podfile.lock\" \"${PODS_ROOT}/Manifest.lock\" > /dev/null\nif [ $? != 0 ] ; then\n    # print error to STDERR\n    echo \"error: The sandbox is not in sync with the Podfile.lock. Run 'pod install' or update your CocoaPods installation.\" >&2\n    exit 1\nfi\n# This output is used by Xcode 'outputs' to avoid re-running this script phase.\necho \"SUCCESS\" > \"${SCRIPT_OUTPUT_FILE_0}\"\n";
			showEnvVarsInLog = 0;
		};
		7BAA897B983A46080AA2D20C /* [CP] Check Pods Manifest.lock */ = {
			isa = PBXShellScriptBuildPhase;
			buildActionMask = 2147483647;
			files = (
			);
			inputPaths = (
				"${PODS_PODFILE_DIR_PATH}/Podfile.lock",
				"${PODS_ROOT}/Manifest.lock",
			);
			name = "[CP] Check Pods Manifest.lock";
			outputPaths = (
				"$(DERIVED_FILE_DIR)/Pods-Twitch Top 3-checkManifestLockResult.txt",
			);
			runOnlyForDeploymentPostprocessing = 0;
			shellPath = /bin/sh;
			shellScript = "diff \"${PODS_PODFILE_DIR_PATH}/Podfile.lock\" \"${PODS_ROOT}/Manifest.lock\" > /dev/null\nif [ $? != 0 ] ; then\n    # print error to STDERR\n    echo \"error: The sandbox is not in sync with the Podfile.lock. Run 'pod install' or update your CocoaPods installation.\" >&2\n    exit 1\nfi\n# This output is used by Xcode 'outputs' to avoid re-running this script phase.\necho \"SUCCESS\" > \"${SCRIPT_OUTPUT_FILE_0}\"\n";
			showEnvVarsInLog = 0;
		};
		7C6DBFDB2905A6F2515BC42D /* [CP] Copy Pods Resources */ = {
			isa = PBXShellScriptBuildPhase;
			buildActionMask = 2147483647;
			files = (
			);
			inputPaths = (
			);
			name = "[CP] Copy Pods Resources";
			outputPaths = (
			);
			runOnlyForDeploymentPostprocessing = 0;
			shellPath = /bin/sh;
			shellScript = "\"${SRCROOT}/Pods/Target Support Files/Pods-Twitch Top 3/Pods-Twitch Top 3-resources.sh\"\n";
			showEnvVarsInLog = 0;
		};
		8DE5C370BCCB88C93DCB5CF6 /* [CP] Embed Pods Frameworks */ = {
			isa = PBXShellScriptBuildPhase;
			buildActionMask = 2147483647;
			files = (
			);
			inputPaths = (
				"${SRCROOT}/Pods/Target Support Files/Pods-Farfetch Challenge/Pods-Farfetch Challenge-frameworks.sh",
				"${BUILT_PRODUCTS_DIR}/Alamofire/Alamofire.framework",
				"${BUILT_PRODUCTS_DIR}/Cartography/Cartography.framework",
				"${BUILT_PRODUCTS_DIR}/SDWebImage/SDWebImage.framework",
				"${BUILT_PRODUCTS_DIR}/Unbox/Unbox.framework",
			);
			name = "[CP] Embed Pods Frameworks";
			outputPaths = (
				"${TARGET_BUILD_DIR}/${FRAMEWORKS_FOLDER_PATH}/Alamofire.framework",
				"${TARGET_BUILD_DIR}/${FRAMEWORKS_FOLDER_PATH}/Cartography.framework",
				"${TARGET_BUILD_DIR}/${FRAMEWORKS_FOLDER_PATH}/SDWebImage.framework",
				"${TARGET_BUILD_DIR}/${FRAMEWORKS_FOLDER_PATH}/Unbox.framework",
			);
			runOnlyForDeploymentPostprocessing = 0;
			shellPath = /bin/sh;
			shellScript = "\"${SRCROOT}/Pods/Target Support Files/Pods-Farfetch Challenge/Pods-Farfetch Challenge-frameworks.sh\"\n";
			showEnvVarsInLog = 0;
		};
		ADD0E73114567EF534A92992 /* [CP] Copy Pods Resources */ = {
			isa = PBXShellScriptBuildPhase;
			buildActionMask = 2147483647;
			files = (
			);
			inputPaths = (
			);
			name = "[CP] Copy Pods Resources";
			outputPaths = (
			);
			runOnlyForDeploymentPostprocessing = 0;
			shellPath = /bin/sh;
			shellScript = "\"${SRCROOT}/Pods/Target Support Files/Pods-Farfetch Challenge/Pods-Farfetch Challenge-resources.sh\"\n";
			showEnvVarsInLog = 0;
		};
/* End PBXShellScriptBuildPhase section */

/* Begin PBXSourcesBuildPhase section */
		BAB70D242107C8340001A5DB /* Sources */ = {
			isa = PBXSourcesBuildPhase;
			buildActionMask = 2147483647;
			files = (
				BADCA0AA21136EB800F37032 /* FavoriteGamesInteractor.swift in Sources */,
				BAADEA55210953FF008F37B7 /* GameViewModel.swift in Sources */,
				BAF991002110E76F001FF51D /* GameDetailsInteractor.swift in Sources */,
				BADCA0B42114BFE600F37032 /* LocalDataStore.swift in Sources */,
				BAB70D692107FD250001A5DB /* ColumnsFlowLayout.swift in Sources */,
				BAF9910921110215001FF51D /* TopGamesRouter.swift in Sources */,
				BA6D7AD521102E870037CFA8 /* TopGamesPresenter.swift in Sources */,
				BABDEDF821126C160071E9F6 /* TopGamesInteractorIO.swift in Sources */,
				BABDEDF621126B8D0071E9F6 /* TopGamesViewInterface.swift in Sources */,
				BAA07DFF2110BDBC00BF5977 /* TopGamesInteractor.swift in Sources */,
				BAB70D6C2107FEF80001A5DB /* TwitchClient.swift in Sources */,
				BAF990FA2110DDF2001FF51D /* GameDetailsRouter.swift in Sources */,
				BADCA0A821136E1C00F37032 /* FavoriteGamesPresenter.swift in Sources */,
				BADCA0972112747600F37032 /* UICollectionView+Registering.swift in Sources */,
				BAADEA5321094DA8008F37B7 /* GameFeedResult.swift in Sources */,
				BADCA0AE21138DA200F37032 /* GameDetailsInteractorIO.swift in Sources */,
				BADCA0B821161B3700F37032 /* EmptyStateView.swift in Sources */,
				BAB70D592107E31E0001A5DB /* GameDetailsViewController.swift in Sources */,
				BADCA0B221138EC300F37032 /* GameDetailsPresenterInterface.swift in Sources */,
				BA6D7AC2210FC7AE0037CFA8 /* Constants.swift in Sources */,
				BAB70D5F2107E6650001A5DB /* TopGamesViewController.swift in Sources */,
				BAB70D642107ECD50001A5DB /* GameCollectionViewCell.swift in Sources */,
				BADCA0A22112950900F37032 /* FavoriteGamesInterface.swift in Sources */,
				BA6D7AC7211019B90037CFA8 /* FavoriteGamesStore.swift in Sources */,
				BAB70D2C2107C8340001A5DB /* AppDelegate.swift in Sources */,
				BADCA0A42112951400F37032 /* FavoriteGamesPresenterInterface.swift in Sources */,
				BADCA09A21128B4F00F37032 /* TopGamesTabBar.swift in Sources */,
				BAA07DFD2110BA0900BF5977 /* GameDetailsPresenter.swift in Sources */,
				BADCA09C2112907900F37032 /* FavoriteGamesRouter.swift in Sources */,
				BADCA0B021138E6900F37032 /* GameDetailsViewInterface.swift in Sources */,
				BABDEDFC21126DF10071E9F6 /* TopGamesPresenterInterface.swift in Sources */,
				BAB70D5D2107E65C0001A5DB /* FavoriteGamesViewController.swift in Sources */,
				BADCA0A6211368D200F37032 /* FavoriteGamesInteractorIO.swift in Sources */,
				BAB70D552107DFD60001A5DB /* GameModel.swift in Sources */,
			);
			runOnlyForDeploymentPostprocessing = 0;
		};
		BAB70D3D2107C9E80001A5DB /* Sources */ = {
			isa = PBXSourcesBuildPhase;
			buildActionMask = 2147483647;
			files = (
				BAB70D472107C9E90001A5DB /* TodayViewController.swift in Sources */,
			);
			runOnlyForDeploymentPostprocessing = 0;
		};
/* End PBXSourcesBuildPhase section */

/* Begin PBXTargetDependency section */
		BAB70D4D2107C9E90001A5DB /* PBXTargetDependency */ = {
			isa = PBXTargetDependency;
			target = BAB70D402107C9E80001A5DB /* Twitch Top 3 */;
			targetProxy = BAB70D4C2107C9E90001A5DB /* PBXContainerItemProxy */;
		};
/* End PBXTargetDependency section */

/* Begin PBXVariantGroup section */
		BAB70D2F2107C8340001A5DB /* Main.storyboard */ = {
			isa = PBXVariantGroup;
			children = (
				BAB70D302107C8340001A5DB /* Base */,
			);
			name = Main.storyboard;
			sourceTree = "<group>";
		};
		BAB70D342107C8360001A5DB /* LaunchScreen.storyboard */ = {
			isa = PBXVariantGroup;
			children = (
				BAB70D352107C8360001A5DB /* Base */,
			);
			name = LaunchScreen.storyboard;
			sourceTree = "<group>";
		};
		BAB70D482107C9E90001A5DB /* MainInterface.storyboard */ = {
			isa = PBXVariantGroup;
			children = (
				BAB70D492107C9E90001A5DB /* Base */,
			);
			name = MainInterface.storyboard;
			sourceTree = "<group>";
		};
/* End PBXVariantGroup section */

/* Begin XCBuildConfiguration section */
		BAB70D382107C8360001A5DB /* Debug */ = {
			isa = XCBuildConfiguration;
			buildSettings = {
				ALWAYS_SEARCH_USER_PATHS = NO;
				CLANG_ANALYZER_NONNULL = YES;
				CLANG_ANALYZER_NUMBER_OBJECT_CONVERSION = YES_AGGRESSIVE;
				CLANG_CXX_LANGUAGE_STANDARD = "gnu++14";
				CLANG_CXX_LIBRARY = "libc++";
				CLANG_ENABLE_MODULES = YES;
				CLANG_ENABLE_OBJC_ARC = YES;
				CLANG_ENABLE_OBJC_WEAK = YES;
				CLANG_WARN_BLOCK_CAPTURE_AUTORELEASING = YES;
				CLANG_WARN_BOOL_CONVERSION = YES;
				CLANG_WARN_COMMA = YES;
				CLANG_WARN_CONSTANT_CONVERSION = YES;
				CLANG_WARN_DEPRECATED_OBJC_IMPLEMENTATIONS = YES;
				CLANG_WARN_DIRECT_OBJC_ISA_USAGE = YES_ERROR;
				CLANG_WARN_DOCUMENTATION_COMMENTS = YES;
				CLANG_WARN_EMPTY_BODY = YES;
				CLANG_WARN_ENUM_CONVERSION = YES;
				CLANG_WARN_INFINITE_RECURSION = YES;
				CLANG_WARN_INT_CONVERSION = YES;
				CLANG_WARN_NON_LITERAL_NULL_CONVERSION = YES;
				CLANG_WARN_OBJC_IMPLICIT_RETAIN_SELF = YES;
				CLANG_WARN_OBJC_LITERAL_CONVERSION = YES;
				CLANG_WARN_OBJC_ROOT_CLASS = YES_ERROR;
				CLANG_WARN_RANGE_LOOP_ANALYSIS = YES;
				CLANG_WARN_STRICT_PROTOTYPES = YES;
				CLANG_WARN_SUSPICIOUS_MOVE = YES;
				CLANG_WARN_UNGUARDED_AVAILABILITY = YES_AGGRESSIVE;
				CLANG_WARN_UNREACHABLE_CODE = YES;
				CLANG_WARN__DUPLICATE_METHOD_MATCH = YES;
				CODE_SIGN_IDENTITY = "iPhone Developer";
				COPY_PHASE_STRIP = NO;
				DEBUG_INFORMATION_FORMAT = dwarf;
				ENABLE_STRICT_OBJC_MSGSEND = YES;
				ENABLE_TESTABILITY = YES;
				GCC_C_LANGUAGE_STANDARD = gnu11;
				GCC_DYNAMIC_NO_PIC = NO;
				GCC_NO_COMMON_BLOCKS = YES;
				GCC_OPTIMIZATION_LEVEL = 0;
				GCC_PREPROCESSOR_DEFINITIONS = (
					"DEBUG=1",
					"$(inherited)",
				);
				GCC_WARN_64_TO_32_BIT_CONVERSION = YES;
				GCC_WARN_ABOUT_RETURN_TYPE = YES_ERROR;
				GCC_WARN_UNDECLARED_SELECTOR = YES;
				GCC_WARN_UNINITIALIZED_AUTOS = YES_AGGRESSIVE;
				GCC_WARN_UNUSED_FUNCTION = YES;
				GCC_WARN_UNUSED_VARIABLE = YES;
				IPHONEOS_DEPLOYMENT_TARGET = 11.4;
				MTL_ENABLE_DEBUG_INFO = YES;
				ONLY_ACTIVE_ARCH = YES;
				SDKROOT = iphoneos;
				SWIFT_ACTIVE_COMPILATION_CONDITIONS = DEBUG;
				SWIFT_OPTIMIZATION_LEVEL = "-Onone";
			};
			name = Debug;
		};
		BAB70D392107C8360001A5DB /* Release */ = {
			isa = XCBuildConfiguration;
			buildSettings = {
				ALWAYS_SEARCH_USER_PATHS = NO;
				CLANG_ANALYZER_NONNULL = YES;
				CLANG_ANALYZER_NUMBER_OBJECT_CONVERSION = YES_AGGRESSIVE;
				CLANG_CXX_LANGUAGE_STANDARD = "gnu++14";
				CLANG_CXX_LIBRARY = "libc++";
				CLANG_ENABLE_MODULES = YES;
				CLANG_ENABLE_OBJC_ARC = YES;
				CLANG_ENABLE_OBJC_WEAK = YES;
				CLANG_WARN_BLOCK_CAPTURE_AUTORELEASING = YES;
				CLANG_WARN_BOOL_CONVERSION = YES;
				CLANG_WARN_COMMA = YES;
				CLANG_WARN_CONSTANT_CONVERSION = YES;
				CLANG_WARN_DEPRECATED_OBJC_IMPLEMENTATIONS = YES;
				CLANG_WARN_DIRECT_OBJC_ISA_USAGE = YES_ERROR;
				CLANG_WARN_DOCUMENTATION_COMMENTS = YES;
				CLANG_WARN_EMPTY_BODY = YES;
				CLANG_WARN_ENUM_CONVERSION = YES;
				CLANG_WARN_INFINITE_RECURSION = YES;
				CLANG_WARN_INT_CONVERSION = YES;
				CLANG_WARN_NON_LITERAL_NULL_CONVERSION = YES;
				CLANG_WARN_OBJC_IMPLICIT_RETAIN_SELF = YES;
				CLANG_WARN_OBJC_LITERAL_CONVERSION = YES;
				CLANG_WARN_OBJC_ROOT_CLASS = YES_ERROR;
				CLANG_WARN_RANGE_LOOP_ANALYSIS = YES;
				CLANG_WARN_STRICT_PROTOTYPES = YES;
				CLANG_WARN_SUSPICIOUS_MOVE = YES;
				CLANG_WARN_UNGUARDED_AVAILABILITY = YES_AGGRESSIVE;
				CLANG_WARN_UNREACHABLE_CODE = YES;
				CLANG_WARN__DUPLICATE_METHOD_MATCH = YES;
				CODE_SIGN_IDENTITY = "iPhone Developer";
				COPY_PHASE_STRIP = NO;
				DEBUG_INFORMATION_FORMAT = "dwarf-with-dsym";
				ENABLE_NS_ASSERTIONS = NO;
				ENABLE_STRICT_OBJC_MSGSEND = YES;
				GCC_C_LANGUAGE_STANDARD = gnu11;
				GCC_NO_COMMON_BLOCKS = YES;
				GCC_WARN_64_TO_32_BIT_CONVERSION = YES;
				GCC_WARN_ABOUT_RETURN_TYPE = YES_ERROR;
				GCC_WARN_UNDECLARED_SELECTOR = YES;
				GCC_WARN_UNINITIALIZED_AUTOS = YES_AGGRESSIVE;
				GCC_WARN_UNUSED_FUNCTION = YES;
				GCC_WARN_UNUSED_VARIABLE = YES;
				IPHONEOS_DEPLOYMENT_TARGET = 11.4;
				MTL_ENABLE_DEBUG_INFO = NO;
				SDKROOT = iphoneos;
				SWIFT_COMPILATION_MODE = wholemodule;
				SWIFT_OPTIMIZATION_LEVEL = "-O";
				VALIDATE_PRODUCT = YES;
			};
			name = Release;
		};
		BAB70D3B2107C8360001A5DB /* Debug */ = {
			isa = XCBuildConfiguration;
			baseConfigurationReference = 9D36747FE3CD24DBB8FEA2C3 /* Pods-Farfetch Challenge.debug.xcconfig */;
			buildSettings = {
				ALWAYS_EMBED_SWIFT_STANDARD_LIBRARIES = YES;
				ASSETCATALOG_COMPILER_APPICON_NAME = AppIcon;
				CODE_SIGN_STYLE = Automatic;
				DEVELOPMENT_TEAM = 55XL2R5538;
				INFOPLIST_FILE = "Farfetch Challenge/Info.plist";
				LD_RUNPATH_SEARCH_PATHS = "$(inherited) @executable_path/Frameworks";
				PRODUCT_BUNDLE_IDENTIFIER = br.com.wallacorp.FarfetchChallenge;
				PRODUCT_NAME = "$(TARGET_NAME)";
				SWIFT_VERSION = 4.0;
				TARGETED_DEVICE_FAMILY = "1,2";
			};
			name = Debug;
		};
		BAB70D3C2107C8360001A5DB /* Release */ = {
			isa = XCBuildConfiguration;
			baseConfigurationReference = A61BBAF8AC8AD53E461D0D3C /* Pods-Farfetch Challenge.release.xcconfig */;
			buildSettings = {
				ALWAYS_EMBED_SWIFT_STANDARD_LIBRARIES = YES;
				ASSETCATALOG_COMPILER_APPICON_NAME = AppIcon;
				CODE_SIGN_STYLE = Automatic;
				DEVELOPMENT_TEAM = 55XL2R5538;
				INFOPLIST_FILE = "Farfetch Challenge/Info.plist";
				LD_RUNPATH_SEARCH_PATHS = "$(inherited) @executable_path/Frameworks";
				PRODUCT_BUNDLE_IDENTIFIER = br.com.wallacorp.FarfetchChallenge;
				PRODUCT_NAME = "$(TARGET_NAME)";
				SWIFT_VERSION = 4.0;
				TARGETED_DEVICE_FAMILY = "1,2";
			};
			name = Release;
		};
		BAB70D502107C9E90001A5DB /* Debug */ = {
			isa = XCBuildConfiguration;
			baseConfigurationReference = BDDDFB010C77E6C7409BA3E4 /* Pods-Twitch Top 3.debug.xcconfig */;
			buildSettings = {
				CODE_SIGN_STYLE = Automatic;
				DEVELOPMENT_TEAM = 55XL2R5538;
				INFOPLIST_FILE = "Twitch Top 3/Info.plist";
				LD_RUNPATH_SEARCH_PATHS = "$(inherited) @executable_path/Frameworks @executable_path/../../Frameworks";
				PRODUCT_BUNDLE_IDENTIFIER = "br.com.wallacorp.FarfetchChallenge.Twitch-Top-3";
				PRODUCT_NAME = "$(TARGET_NAME)";
				SKIP_INSTALL = YES;
				SWIFT_VERSION = 4.0;
				TARGETED_DEVICE_FAMILY = "1,2";
			};
			name = Debug;
		};
		BAB70D512107C9E90001A5DB /* Release */ = {
			isa = XCBuildConfiguration;
			baseConfigurationReference = 12A0A2FF893170EBB105BEEC /* Pods-Twitch Top 3.release.xcconfig */;
			buildSettings = {
				CODE_SIGN_STYLE = Automatic;
				DEVELOPMENT_TEAM = 55XL2R5538;
				INFOPLIST_FILE = "Twitch Top 3/Info.plist";
				LD_RUNPATH_SEARCH_PATHS = "$(inherited) @executable_path/Frameworks @executable_path/../../Frameworks";
				PRODUCT_BUNDLE_IDENTIFIER = "br.com.wallacorp.FarfetchChallenge.Twitch-Top-3";
				PRODUCT_NAME = "$(TARGET_NAME)";
				SKIP_INSTALL = YES;
				SWIFT_VERSION = 4.0;
				TARGETED_DEVICE_FAMILY = "1,2";
			};
			name = Release;
		};
/* End XCBuildConfiguration section */

/* Begin XCConfigurationList section */
		BAB70D232107C8340001A5DB /* Build configuration list for PBXProject "Farfetch Challenge" */ = {
			isa = XCConfigurationList;
			buildConfigurations = (
				BAB70D382107C8360001A5DB /* Debug */,
				BAB70D392107C8360001A5DB /* Release */,
			);
			defaultConfigurationIsVisible = 0;
			defaultConfigurationName = Release;
		};
		BAB70D3A2107C8360001A5DB /* Build configuration list for PBXNativeTarget "Farfetch Challenge" */ = {
			isa = XCConfigurationList;
			buildConfigurations = (
				BAB70D3B2107C8360001A5DB /* Debug */,
				BAB70D3C2107C8360001A5DB /* Release */,
			);
			defaultConfigurationIsVisible = 0;
			defaultConfigurationName = Release;
		};
		BAB70D4F2107C9E90001A5DB /* Build configuration list for PBXNativeTarget "Twitch Top 3" */ = {
			isa = XCConfigurationList;
			buildConfigurations = (
				BAB70D502107C9E90001A5DB /* Debug */,
				BAB70D512107C9E90001A5DB /* Release */,
			);
			defaultConfigurationIsVisible = 0;
			defaultConfigurationName = Release;
		};
/* End XCConfigurationList section */
	};
	rootObject = BAB70D202107C8340001A5DB /* Project object */;
}
